
Microsoft Visual Studio Solution File, Format Version 12.00
# Visual Studio Version 17
VisualStudioVersion = 17.9.34526.213
MinimumVisualStudioVersion = 10.0.40219.1
Project("{FAE04EC0-301F-11D3-BF4B-00C04F79EFBC}") = "EnphaseConnector", "EnphaseConnector\EnphaseConnector.csproj", "{96A3F9BE-9C14-4381-8887-DFA61E75B930}"
EndProject
Project("{FAE04EC0-301F-11D3-BF4B-00C04F79EFBC}") = "EnphaseLib.Tests", "EnphaseLib.Tests\EnphaseLib.Tests.csproj", "{C3E5C635-267D-43FB-A0E8-6F8873DF48CC}"
EndProject
Global
	GlobalSection(SolutionConfigurationPlatforms) = preSolution
		Debug|Any CPU = Debug|Any CPU
		Release|Any CPU = Release|Any CPU
	EndGlobalSection
	GlobalSection(ProjectConfigurationPlatforms) = postSolution
		{96A3F9BE-9C14-4381-8887-DFA61E75B930}.Debug|Any CPU.ActiveCfg = Debug|Any CPU
		{96A3F9BE-9C14-4381-8887-DFA61E75B930}.Debug|Any CPU.Build.0 = Debug|Any CPU
		{96A3F9BE-9C14-4381-8887-DFA61E75B930}.Release|Any CPU.ActiveCfg = Release|Any CPU
		{96A3F9BE-9C14-4381-8887-DFA61E75B930}.Release|Any CPU.Build.0 = Release|Any CPU
		{C3E5C635-267D-43FB-A0E8-6F8873DF48CC}.Debug|Any CPU.ActiveCfg = Debug|Any CPU
		{C3E5C635-267D-43FB-A0E8-6F8873DF48CC}.Debug|Any CPU.Build.0 = Debug|Any CPU
		{C3E5C635-267D-43FB-A0E8-6F8873DF48CC}.Release|Any CPU.ActiveCfg = Release|Any CPU
		{C3E5C635-267D-43FB-A0E8-6F8873DF48CC}.Release|Any CPU.Build.0 = Release|Any CPU
	EndGlobalSection
	GlobalSection(SolutionProperties) = preSolution
		HideSolutionNode = FALSE
	EndGlobalSection
	GlobalSection(ExtensibilityGlobals) = postSolution
		SolutionGuid = {ED11C561-FA6E-4456-A63F-D4F7776141E9}
	EndGlobalSection
EndGlobal
