
Microsoft Visual Studio Solution File, Format Version 12.00
# Visual Studio Version 17
VisualStudioVersion = 17.10.34707.107
MinimumVisualStudioVersion = 10.0.40219.1
Project("{9A19103F-16F7-4668-BE54-9A1E7A4F7556}") = "ShellyLib", "..\Libs\ShellyLib\ShellyLib\ShellyLib.csproj", "{16F29001-BFE4-42FB-BFDA-852B403664A6}"
EndProject
Project("{9A19103F-16F7-4668-BE54-9A1E7A4F7556}") = "Thermostat", "Thermostat\Thermostat.csproj", "{65EA6253-E205-451D-A476-684ADDC87F5A}"
EndProject
Project("{9A19103F-16F7-4668-BE54-9A1E7A4F7556}") = "MQTTControllerLib", "..\Libs\MQTTControllerLib\MQTTControllerLib.csproj", "{D4D0E4E0-BFF6-4E5B-8356-D1BEF47DEADF}"
EndProject
Project("{2150E333-8FDC-42A3-9474-1A3956D46DE8}") = "Solution Items", "Solution Items", "{D85E4421-2D7C-41A9-9F73-B9AFF2825898}"
	ProjectSection(SolutionItems) = preProject
		Dockerfile = Dockerfile
		kube.yaml = kube.yaml
	EndProjectSection
EndProject
Global
	GlobalSection(SolutionConfigurationPlatforms) = preSolution
		Debug|Any CPU = Debug|Any CPU
		Release|Any CPU = Release|Any CPU
	EndGlobalSection
	GlobalSection(ProjectConfigurationPlatforms) = postSolution
		{16F29001-BFE4-42FB-BFDA-852B403664A6}.Debug|Any CPU.ActiveCfg = Debug|Any CPU
		{16F29001-BFE4-42FB-BFDA-852B403664A6}.Debug|Any CPU.Build.0 = Debug|Any CPU
		{16F29001-BFE4-42FB-BFDA-852B403664A6}.Release|Any CPU.ActiveCfg = Release|Any CPU
		{16F29001-BFE4-42FB-BFDA-852B403664A6}.Release|Any CPU.Build.0 = Release|Any CPU
		{65EA6253-E205-451D-A476-684ADDC87F5A}.Debug|Any CPU.ActiveCfg = Debug|Any CPU
		{65EA6253-E205-451D-A476-684ADDC87F5A}.Debug|Any CPU.Build.0 = Debug|Any CPU
		{65EA6253-E205-451D-A476-684ADDC87F5A}.Release|Any CPU.ActiveCfg = Release|Any CPU
		{65EA6253-E205-451D-A476-684ADDC87F5A}.Release|Any CPU.Build.0 = Release|Any CPU
		{D4D0E4E0-BFF6-4E5B-8356-D1BEF47DEADF}.Debug|Any CPU.ActiveCfg = Debug|Any CPU
		{D4D0E4E0-BFF6-4E5B-8356-D1BEF47DEADF}.Debug|Any CPU.Build.0 = Debug|Any CPU
		{D4D0E4E0-BFF6-4E5B-8356-D1BEF47DEADF}.Release|Any CPU.ActiveCfg = Release|Any CPU
		{D4D0E4E0-BFF6-4E5B-8356-D1BEF47DEADF}.Release|Any CPU.Build.0 = Release|Any CPU
	EndGlobalSection
	GlobalSection(SolutionProperties) = preSolution
		HideSolutionNode = FALSE
	EndGlobalSection
	GlobalSection(ExtensibilityGlobals) = postSolution
		SolutionGuid = {2559D7B6-4045-4EF8-9E48-6E246D1F0579}
	EndGlobalSection
EndGlobal
