
Microsoft Visual Studio Solution File, Format Version 12.00
# Visual Studio Version 17
VisualStudioVersion = 17.9.34321.82
MinimumVisualStudioVersion = 10.0.40219.1
Project("{9A19103F-16F7-4668-BE54-9A1E7A4F7556}") = "SmartHome.Web", "SmartHome.Web\SmartHome.Web.csproj", "{6597DBE0-9410-4189-9784-C452E02D2B4F}"
EndProject
Project("{2150E333-8FDC-42A3-9474-1A3956D46DE8}") = "Solution Items", "Solution Items", "{50530AC9-0B04-48D7-9F09-5CA1C1E514BD}"
	ProjectSection(SolutionItems) = preProject
		.gitignore = .gitignore
		Dockerfile = Dockerfile
		kube-service.yaml = kube-service.yaml
		kube.yaml = kube.yaml
	EndProjectSection
EndProject
Project("{9A19103F-16F7-4668-BE54-9A1E7A4F7556}") = "DataContracts", "..\DataContracts\DataContracts.csproj", "{415449C1-670E-4CC0-BADE-BB648F76E808}"
EndProject
Project("{9A19103F-16F7-4668-BE54-9A1E7A4F7556}") = "SmartHomeHelpers", "..\SmartHomeHelpers\SmartHomeHelpers.csproj", "{2DBF837D-6F9B-4295-95B1-C4AE49B33380}"
EndProject
Project("{9A19103F-16F7-4668-BE54-9A1E7A4F7556}") = "SmartHome.WebAssembly", "SmartHome.WebAssembly\SmartHome.WebAssembly\SmartHome.WebAssembly.csproj", "{A1270F7C-B4DA-4DA9-A167-30E180B3EAF0}"
EndProject
Project("{9A19103F-16F7-4668-BE54-9A1E7A4F7556}") = "SmartHome.WebAssembly.Client", "SmartHome.WebAssembly\SmartHome.WebAssembly.Client\SmartHome.WebAssembly.Client.csproj", "{5BBE8773-9165-4A39-A8C1-57875452C105}"
EndProject
Project("{9A19103F-16F7-4668-BE54-9A1E7A4F7556}") = "UIComponentsLib", "UIComponentsLib\UIComponentsLib.csproj", "{161A8BFF-5A96-44F6-8B84-0E1D6A4BFF87}"
EndProject
Project("{9A19103F-16F7-4668-BE54-9A1E7A4F7556}") = "SmartHomeBlazorApp", "SmartHomeBlazorApp\SmartHomeBlazorApp.csproj", "{D10C1D80-7D53-4010-AECA-808035A04101}"
EndProject
Global
	GlobalSection(SolutionConfigurationPlatforms) = preSolution
		Debug|Any CPU = Debug|Any CPU
		Release|Any CPU = Release|Any CPU
	EndGlobalSection
	GlobalSection(ProjectConfigurationPlatforms) = postSolution
		{6597DBE0-9410-4189-9784-C452E02D2B4F}.Debug|Any CPU.ActiveCfg = Debug|Any CPU
		{6597DBE0-9410-4189-9784-C452E02D2B4F}.Debug|Any CPU.Build.0 = Debug|Any CPU
		{6597DBE0-9410-4189-9784-C452E02D2B4F}.Release|Any CPU.ActiveCfg = Release|Any CPU
		{6597DBE0-9410-4189-9784-C452E02D2B4F}.Release|Any CPU.Build.0 = Release|Any CPU
		{415449C1-670E-4CC0-BADE-BB648F76E808}.Debug|Any CPU.ActiveCfg = Debug|Any CPU
		{415449C1-670E-4CC0-BADE-BB648F76E808}.Debug|Any CPU.Build.0 = Debug|Any CPU
		{415449C1-670E-4CC0-BADE-BB648F76E808}.Release|Any CPU.ActiveCfg = Release|Any CPU
		{415449C1-670E-4CC0-BADE-BB648F76E808}.Release|Any CPU.Build.0 = Release|Any CPU
		{2DBF837D-6F9B-4295-95B1-C4AE49B33380}.Debug|Any CPU.ActiveCfg = Debug|Any CPU
		{2DBF837D-6F9B-4295-95B1-C4AE49B33380}.Debug|Any CPU.Build.0 = Debug|Any CPU
		{2DBF837D-6F9B-4295-95B1-C4AE49B33380}.Release|Any CPU.ActiveCfg = Release|Any CPU
		{2DBF837D-6F9B-4295-95B1-C4AE49B33380}.Release|Any CPU.Build.0 = Release|Any CPU
		{A1270F7C-B4DA-4DA9-A167-30E180B3EAF0}.Debug|Any CPU.ActiveCfg = Debug|Any CPU
		{A1270F7C-B4DA-4DA9-A167-30E180B3EAF0}.Debug|Any CPU.Build.0 = Debug|Any CPU
		{A1270F7C-B4DA-4DA9-A167-30E180B3EAF0}.Release|Any CPU.ActiveCfg = Release|Any CPU
		{A1270F7C-B4DA-4DA9-A167-30E180B3EAF0}.Release|Any CPU.Build.0 = Release|Any CPU
		{5BBE8773-9165-4A39-A8C1-57875452C105}.Debug|Any CPU.ActiveCfg = Debug|Any CPU
		{5BBE8773-9165-4A39-A8C1-57875452C105}.Debug|Any CPU.Build.0 = Debug|Any CPU
		{5BBE8773-9165-4A39-A8C1-57875452C105}.Release|Any CPU.ActiveCfg = Release|Any CPU
		{5BBE8773-9165-4A39-A8C1-57875452C105}.Release|Any CPU.Build.0 = Release|Any CPU
		{161A8BFF-5A96-44F6-8B84-0E1D6A4BFF87}.Debug|Any CPU.ActiveCfg = Debug|Any CPU
		{161A8BFF-5A96-44F6-8B84-0E1D6A4BFF87}.Debug|Any CPU.Build.0 = Debug|Any CPU
		{161A8BFF-5A96-44F6-8B84-0E1D6A4BFF87}.Release|Any CPU.ActiveCfg = Release|Any CPU
		{161A8BFF-5A96-44F6-8B84-0E1D6A4BFF87}.Release|Any CPU.Build.0 = Release|Any CPU
		{D10C1D80-7D53-4010-AECA-808035A04101}.Debug|Any CPU.ActiveCfg = Debug|Any CPU
		{D10C1D80-7D53-4010-AECA-808035A04101}.Debug|Any CPU.Build.0 = Debug|Any CPU
		{D10C1D80-7D53-4010-AECA-808035A04101}.Debug|Any CPU.Deploy.0 = Debug|Any CPU
		{D10C1D80-7D53-4010-AECA-808035A04101}.Release|Any CPU.ActiveCfg = Release|Any CPU
		{D10C1D80-7D53-4010-AECA-808035A04101}.Release|Any CPU.Build.0 = Release|Any CPU
		{D10C1D80-7D53-4010-AECA-808035A04101}.Release|Any CPU.Deploy.0 = Release|Any CPU
	EndGlobalSection
	GlobalSection(SolutionProperties) = preSolution
		HideSolutionNode = FALSE
	EndGlobalSection
	GlobalSection(ExtensibilityGlobals) = postSolution
		SolutionGuid = {9DB8CB38-534C-4202-BC10-EDCC917B1C09}
	EndGlobalSection
EndGlobal
