
Microsoft Visual Studio Solution File, Format Version 12.00
# Visual Studio Version 17
VisualStudioVersion = 17.9.34407.89
MinimumVisualStudioVersion = 10.0.40219.1
Project("{FAE04EC0-301F-11D3-BF4B-00C04F79EFBC}") = "StorageConnector", "StorageConnector\StorageConnector.csproj", "{28F6E0A5-2E6B-4947-AF12-CC53AF63DB3D}"
EndProject
Project("{2150E333-8FDC-42A3-9474-1A3956D46DE8}") = "Solution Items", "Solution Items", "{CA659E60-166D-4425-952A-772497F9D804}"
	ProjectSection(SolutionItems) = preProject
		Dockerfile = Dockerfile
		kube.yaml = kube.yaml
	EndProjectSection
EndProject
Global
	GlobalSection(SolutionConfigurationPlatforms) = preSolution
		Debug|Any CPU = Debug|Any CPU
		Release|Any CPU = Release|Any CPU
	EndGlobalSection
	GlobalSection(ProjectConfigurationPlatforms) = postSolution
		{28F6E0A5-2E6B-4947-AF12-CC53AF63DB3D}.Debug|Any CPU.ActiveCfg = Debug|Any CPU
		{28F6E0A5-2E6B-4947-AF12-CC53AF63DB3D}.Debug|Any CPU.Build.0 = Debug|Any CPU
		{28F6E0A5-2E6B-4947-AF12-CC53AF63DB3D}.Release|Any CPU.ActiveCfg = Release|Any CPU
		{28F6E0A5-2E6B-4947-AF12-CC53AF63DB3D}.Release|Any CPU.Build.0 = Release|Any CPU
	EndGlobalSection
	GlobalSection(SolutionProperties) = preSolution
		HideSolutionNode = FALSE
	EndGlobalSection
	GlobalSection(ExtensibilityGlobals) = postSolution
		SolutionGuid = {C891A4BB-5E0F-4B9D-9826-2EC82645CD7A}
	EndGlobalSection
EndGlobal
